
Microsoft Visual Studio Solution File, Format Version 12.00
# Visual Studio Version 17
VisualStudioVersion = 17.7.34018.315
MinimumVisualStudioVersion = 10.0.40219.1
Project("{FAE04EC0-301F-11D3-BF4B-00C04F79EFBC}") = "parte2dos2", "parte2dos2\parte2dos2.csproj", "{23787A6E-1EB7-4B35-AC8D-7A8C21BBBA68}"
EndProject
Global
	GlobalSection(SolutionConfigurationPlatforms) = preSolution
		Debug|Any CPU = Debug|Any CPU
		Release|Any CPU = Release|Any CPU
	EndGlobalSection
	GlobalSection(ProjectConfigurationPlatforms) = postSolution
		{23787A6E-1EB7-4B35-AC8D-7A8C21BBBA68}.Debug|Any CPU.ActiveCfg = Debug|Any CPU
		{23787A6E-1EB7-4B35-AC8D-7A8C21BBBA68}.Debug|Any CPU.Build.0 = Debug|Any CPU
		{23787A6E-1EB7-4B35-AC8D-7A8C21BBBA68}.Debug|Any CPU.Deploy.0 = Debug|Any CPU
		{23787A6E-1EB7-4B35-AC8D-7A8C21BBBA68}.Release|Any CPU.ActiveCfg = Release|Any CPU
		{23787A6E-1EB7-4B35-AC8D-7A8C21BBBA68}.Release|Any CPU.Build.0 = Release|Any CPU
		{23787A6E-1EB7-4B35-AC8D-7A8C21BBBA68}.Release|Any CPU.Deploy.0 = Release|Any CPU
	EndGlobalSection
	GlobalSection(SolutionProperties) = preSolution
		HideSolutionNode = FALSE
	EndGlobalSection
	GlobalSection(ExtensibilityGlobals) = postSolution
		SolutionGuid = {F6A127D0-6924-4E12-B306-CA4449C22A66}
	EndGlobalSection
EndGlobal
